PODS:
  - AFNetworking (2.6.1):
    - AFNetworking/NSURLConnection (= 2.6.1)
    - AFNetworking/NSURLSession (= 2.6.1)
    - AFNetworking/Reachability (= 2.6.1)
    - AFNetworking/Security (= 2.6.1)
    - AFNetworking/Serialization (= 2.6.1)
    - AFNetworking/UIKit (= 2.6.1)
  - AFNetworking/NSURLConnection (2.6.1):
    - AFNetworking/Reachability
    - AFNetworking/Security
    - AFNetworking/Serialization
  - AFNetworking/NSURLSession (2.6.1):
    - AFNetworking/Reachability
    - AFNetworking/Security
    - AFNetworking/Serialization
  - AFNetworking/Reachability (2.6.1)
  - AFNetworking/Security (2.6.1)
  - AFNetworking/Serialization (2.6.1)
  - AFNetworking/UIKit (2.6.1):
    - AFNetworking/NSURLConnection
    - AFNetworking/NSURLSession
  - AMap2DMap (3.1.0)
  - AMapSearch (3.0.0)
  - ASProgressPopUpView (0.8)
  - CocoaLumberjack (2.0.3):
    - CocoaLumberjack/Default (= 2.0.3)
    - CocoaLumberjack/Extensions (= 2.0.3)
  - CocoaLumberjack/Core (2.0.3)
  - CocoaLumberjack/Default (2.0.3):
    - CocoaLumberjack/Core
  - CocoaLumberjack/Extensions (2.0.3):
    - CocoaLumberjack/Default
  - FMDB (2.5):
    - FMDB/standard (= 2.5)
  - FMDB/common (2.5)
  - FMDB/standard (2.5):
    - FMDB/common
  - FSCalendar (1.5.2)
  - HMSegmentedControl (1.5.2)
  - IQKeyboardManager (3.3.2)
  - JTCalendar (2.1.4)
  - LLSlideMenu (1.0.4)
  - Masonry (0.6.3)
  - MBProgressHUD (0.9.1)
  - MJRefresh (2.4.12)
  - SDWebImage (3.7.3):
    - SDWebImage/Core (= 3.7.3)
  - SDWebImage/Core (3.7.3)
  - THSegmentedPager (1.1.3):
    - HMSegmentedControl (~> 1.5.2)
  - UMengAnalytics-NO-IDFA (3.6.7)
  - UMengSocial (4.4)

DEPENDENCIES:
  - AFNetworking
  - AMap2DMap
  - AMapSearch
  - ASProgressPopUpView (~> 0.8)
  - CocoaLumberjack
  - FMDB
  - FSCalendar
  - IQKeyboardManager
  - JTCalendar
  - LLSlideMenu
  - Masonry
  - MBProgressHUD
  - MJRefresh (from `https://github.com/CoderMJLee/MJRefresh.git`)
  - SDWebImage
  - THSegmentedPager
  - UMengAnalytics-NO-IDFA
  - UMengSocial (~> 4.3)

EXTERNAL SOURCES:
  MJRefresh:
    :git: https://github.com/CoderMJLee/MJRefresh.git

CHECKOUT OPTIONS:
  MJRefresh:
    :commit: f8f715301be58de9f13877da06818305515db60f
    :git: https://github.com/CoderMJLee/MJRefresh.git

SPEC CHECKSUMS:
  AFNetworking: 8e4e60500beb8bec644cf575beee72990a76d399
  AMap2DMap: a6741139dd16d237713c4fd6cae9a0399ca1fe25
  AMapSearch: fd1ed96353f8a0f5c2e2463dac6a145bb3e6970f
  ASProgressPopUpView: 945c19297da09a625db48a5a37cabd7756916b9b
  CocoaLumberjack: f58d8a19629f4d8379ae14bb3534def24161430e
  FMDB: 96e8f1bcc1329e269330f99770ad4285d9003e52
  FSCalendar: ab1c6b4067a4888f6d72062638adad5b1c973b3e
  HMSegmentedControl: 83b9686022d2176fb6457d2bdb61e5d6393fed7d
  IQKeyboardManager: d863eb0bca424d1f6dad6bdd1f856af52664add8
  JTCalendar: 9b1352c7ec41cc26b19c189d6608ba48060a53d9
  LLSlideMenu: e98f45dc04cdbbf19b4e6922b9078dc519292920
  Masonry: ff105a956abcd19a618b2028b121cb638d7a8e2f
  MBProgressHUD: c47f2c166c126cf2ce36498d80f33e754d4e93ad
  MJRefresh: ca8e9589895977df32d379d46e6b8a5450b3ff44
  SDWebImage: 1d2b1a1efda1ade1b00b6f8498865f8ddedc8a84
  THSegmentedPager: 9d4fb2acc78d77246caf1e71d2e878bf5977b904
  UMengAnalytics-NO-IDFA: 6d02561a00579b2e37718f204eb81347df5d7b8b
  UMengSocial: aba7296602310385114d82c255539a7bef3b7ab0

COCOAPODS: 0.39.0
